
Microsoft Visual Studio Solution File, Format Version 12.00
# Visual Studio 2013
VisualStudioVersion = 12.0.30501.0
MinimumVisualStudioVersion = 10.0.40219.1
Project("{8BC9CEB8-8B4A-11D0-8D11-00A0C91BC942}") = "CascLib", "CascLib\CascLib.vcxproj", "{DD09A695-7FDD-45E0-9778-E97A8D40A17F}"
EndProject
Project("{8BC9CEB8-8B4A-11D0-8D11-00A0C91BC942}") = "CascLib.Test", "CascLib.Test\CascLib.Test.vcxproj", "{2FFC49A4-865F-4A94-89DB-8ACCF9739585}"
EndProject
Global
	GlobalSection(SolutionConfigurationPlatforms) = preSolution
		Debug|Win32 = Debug|Win32
		Release|Win32 = Release|Win32
	EndGlobalSection
	GlobalSection(ProjectConfigurationPlatforms) = postSolution
		{DD09A695-7FDD-45E0-9778-E97A8D40A17F}.Debug|Win32.ActiveCfg = Debug|Win32
		{DD09A695-7FDD-45E0-9778-E97A8D40A17F}.Debug|Win32.Build.0 = Debug|Win32
		{DD09A695-7FDD-45E0-9778-E97A8D40A17F}.Release|Win32.ActiveCfg = Release|Win32
		{DD09A695-7FDD-45E0-9778-E97A8D40A17F}.Release|Win32.Build.0 = Release|Win32
		{2FFC49A4-865F-4A94-89DB-8ACCF9739585}.Debug|Win32.ActiveCfg = Debug|Win32
		{2FFC49A4-865F-4A94-89DB-8ACCF9739585}.Debug|Win32.Build.0 = Debug|Win32
		{2FFC49A4-865F-4A94-89DB-8ACCF9739585}.Release|Win32.ActiveCfg = Release|Win32
		{2FFC49A4-865F-4A94-89DB-8ACCF9739585}.Release|Win32.Build.0 = Release|Win32
	EndGlobalSection
	GlobalSection(SolutionProperties) = preSolution
		HideSolutionNode = FALSE
	EndGlobalSection
EndGlobal
