<?xml version="1.0" encoding="utf-8"?>
<Project ToolsVersion="4.0" xmlns="http://schemas.microsoft.com/developer/msbuild/2003">
  <ItemGroup>
    <Filter Include="Source Files">
      <UniqueIdentifier>{4FC737F1-C7A5-4376-A066-2A32D752A2FF}</UniqueIdentifier>
      <Extensions>cpp;c;cc;cxx;def;odl;idl;hpj;bat;asm;asmx</Extensions>
    </Filter>
    <Filter Include="Header Files">
      <UniqueIdentifier>{93995380-89BD-4b04-88EB-625FBE52EBFB}</UniqueIdentifier>
      <Extensions>h;hh;hpp;hxx;hm;inl;inc;xsd</Extensions>
    </Filter>
    <Filter Include="Resource Files">
      <UniqueIdentifier>{67DA6AB6-F800-4c08-8B7A-83BB121AAD01}</UniqueIdentifier>
      <Extensions>rc;ico;cur;bmp;dlg;rc2;rct;bin;rgs;gif;jpg;jpeg;jpe;resx;tiff;tif;png;wav;mfcribbon-ms</Extensions>
    </Filter>
    <Filter Include="Header Files\Types">
      <UniqueIdentifier>{a0a05129-0111-4e8d-b1aa-7bf818e4d8d8}</UniqueIdentifier>
    </Filter>
    <Filter Include="Header Files\Functions">
      <UniqueIdentifier>{47e1f4c2-7565-49d4-b1b7-fac213f9ff8a}</UniqueIdentifier>
    </Filter>
    <Filter Include="Header Files\Helpers">
      <UniqueIdentifier>{211b2e34-31cd-4361-a13e-8704eae7aa96}</UniqueIdentifier>
    </Filter>
    <Filter Include="Header Files\Types\Shared">
      <UniqueIdentifier>{81f00e5d-e659-4b49-8bb9-c2223486936c}</UniqueIdentifier>
    </Filter>
  </ItemGroup>
  <ItemGroup>
    <ClInclude Include="Casc\Shared\BufferInfo.hpp">
      <Filter>Header Files\Types\Shared</Filter>
    </ClInclude>
    <ClInclude Include="Casc\Shared\ChunkInfo.hpp">
      <Filter>Header Files\Types\Shared</Filter>
    </ClInclude>
    <ClInclude Include="Casc\Shared\FileSearch.hpp">
      <Filter>Header Files\Helpers</Filter>
    </ClInclude>
    <ClInclude Include="Casc\Shared\Functions.hpp">
      <Filter>Header Files\Helpers</Filter>
    </ClInclude>
    <ClInclude Include="Casc\Shared\Hex.hpp">
      <Filter>Header Files\Helpers</Filter>
    </ClInclude>
    <ClInclude Include="Casc\StreamOps.hpp">
      <Filter>Header Files\Helpers</Filter>
    </ClInclude>
    <ClInclude Include="Casc\CascBlteHandler.hpp">
      <Filter>Header Files\Types</Filter>
    </ClInclude>
    <ClInclude Include="Casc\CascBuffer.hpp">
      <Filter>Header Files\Types</Filter>
    </ClInclude>
    <ClInclude Include="Casc\CascBuildInfo.hpp">
      <Filter>Header Files\Types</Filter>
    </ClInclude>
    <ClInclude Include="Casc\CascConfiguration.hpp">
      <Filter>Header Files\Types</Filter>
    </ClInclude>
    <ClInclude Include="Casc\CascContainer.hpp">
      <Filter>Header Files\Types</Filter>
    </ClInclude>
    <ClInclude Include="Casc\CascEncoding.hpp">
      <Filter>Header Files\Types</Filter>
    </ClInclude>
    <ClInclude Include="Casc\CascIndex.hpp">
      <Filter>Header Files\Types</Filter>
    </ClInclude>
    <ClInclude Include="Casc\CascIndexRecord.hpp">
      <Filter>Header Files\Types</Filter>
    </ClInclude>
    <ClInclude Include="Casc\CascRootHandler.hpp">
      <Filter>Header Files</Filter>
    </ClInclude>
    <ClInclude Include="Casc\CascShmem.hpp">
      <Filter>Header Files\Types</Filter>
    </ClInclude>
    <ClInclude Include="Casc\CascStream.hpp">
      <Filter>Header Files\Types</Filter>
    </ClInclude>
    <ClInclude Include="Casc\Common.hpp">
      <Filter>Header Files</Filter>
    </ClInclude>
    <ClInclude Include="Casc\DataTypes\MemoryInfo.hpp">
      <Filter>Header Files\Types</Filter>
    </ClInclude>
    <ClInclude Include="Casc\DataTypes\Reference.hpp">
      <Filter>Header Files\Types</Filter>
    </ClInclude>
    <ClInclude Include="Casc\DataTypes\CompressionMode.hpp">
      <Filter>Header Files\Types\Shared</Filter>
    </ClInclude>
    <ClInclude Include="Casc\zlib.hpp">
      <Filter>Header Files\Functions</Filter>
    </ClInclude>
    <ClInclude Include="Casc\Exceptions\CascException.hpp">
      <Filter>Header Files</Filter>
    </ClInclude>
    <ClInclude Include="Casc\Exceptions\InvalidHashException.hpp">
      <Filter>Header Files</Filter>
    </ClInclude>
    <ClInclude Include="Casc\Exceptions\FileNotFoundException.hpp">
      <Filter>Header Files</Filter>
    </ClInclude>
    <ClInclude Include="Casc\Exceptions\InvalidSignatureException.hpp">
      <Filter>Header Files</Filter>
    </ClInclude>
    <ClInclude Include="Casc\Exceptions\GenericException.hpp">
      <Filter>Header Files</Filter>
    </ClInclude>
    <ClInclude Include="Casc\CascLayoutDescriptor.hpp">
      <Filter>Header Files</Filter>
    </ClInclude>
    <ClInclude Include="Casc\Exceptions\NoFreeSpaceException.hpp">
      <Filter>Header Files</Filter>
    </ClInclude>
  </ItemGroup>
  <ItemGroup>
    <Text Include="..\The CASC Filesystem_v1-2.txt" />
  </ItemGroup>
  <ItemGroup>
    <ClCompile Include="lookup3.c">
      <Filter>Source Files</Filter>
    </ClCompile>
  </ItemGroup>
</Project>